
Microsoft Visual Studio Solution File, Format Version 12.00
# Visual Studio 15
VisualStudioVersion = 15.0.27703.2035
MinimumVisualStudioVersion = 10.0.40219.1
Project("{FAE04EC0-301F-11D3-BF4B-00C04F79EFBC}") = "InterpolatingCollection", "InterpolatingCollection\InterpolatingCollection.csproj", "{8A79EBB7-BD77-417F-871D-3E8FD3D7D237}"
EndProject
Project("{FAE04EC0-301F-11D3-BF4B-00C04F79EFBC}") = "InterpolatingCollection.Tests", "InterpolatingCollection.Tests\InterpolatingCollection.Tests.csproj", "{20F3057E-2E60-4AFC-A2C5-04E65792C800}"
EndProject
Global
	GlobalSection(SolutionConfigurationPlatforms) = preSolution
		Debug|Any CPU = Debug|Any CPU
		Release|Any CPU = Release|Any CPU
	EndGlobalSection
	GlobalSection(ProjectConfigurationPlatforms) = postSolution
		{8A79EBB7-BD77-417F-871D-3E8FD3D7D237}.Debug|Any CPU.ActiveCfg = Debug|Any CPU
		{8A79EBB7-BD77-417F-871D-3E8FD3D7D237}.Debug|Any CPU.Build.0 = Debug|Any CPU
		{8A79EBB7-BD77-417F-871D-3E8FD3D7D237}.Release|Any CPU.ActiveCfg = Release|Any CPU
		{8A79EBB7-BD77-417F-871D-3E8FD3D7D237}.Release|Any CPU.Build.0 = Release|Any CPU
		{20F3057E-2E60-4AFC-A2C5-04E65792C800}.Debug|Any CPU.ActiveCfg = Debug|Any CPU
		{20F3057E-2E60-4AFC-A2C5-04E65792C800}.Debug|Any CPU.Build.0 = Debug|Any CPU
		{20F3057E-2E60-4AFC-A2C5-04E65792C800}.Release|Any CPU.ActiveCfg = Release|Any CPU
		{20F3057E-2E60-4AFC-A2C5-04E65792C800}.Release|Any CPU.Build.0 = Release|Any CPU
	EndGlobalSection
	GlobalSection(SolutionProperties) = preSolution
		HideSolutionNode = FALSE
	EndGlobalSection
	GlobalSection(ExtensibilityGlobals) = postSolution
		SolutionGuid = {B42C61B8-5D7F-4206-B309-EC41503D1C04}
	EndGlobalSection
EndGlobal
